
Microsoft Visual Studio Solution File, Format Version 12.00
# Visual Studio 15
VisualStudioVersion = 15.0.26430.16
MinimumVisualStudioVersion = 10.0.40219.1
Project("{8BC9CEB8-8B4A-11D0-8D11-00A0C91BC942}") = "CamileDataTool", "CamileDataTool\CamileDataTool.vcxproj", "{585E6433-EAAE-4CF6-8D19-70BF0045F0FD}"
EndProject
Project("{8BC9CEB8-8B4A-11D0-8D11-00A0C91BC942}") = "SQLite", "SQLite\SQLite.vcxproj", "{8C27C46C-5AA5-4B07-B38B-AFBD68DB015A}"
EndProject
Global
	GlobalSection(SolutionConfigurationPlatforms) = preSolution
		Debug|x64 = Debug|x64
		Debug|x86 = Debug|x86
		Release|x64 = Release|x64
		Release|x86 = Release|x86
	EndGlobalSection
	GlobalSection(ProjectConfigurationPlatforms) = postSolution
		{585E6433-EAAE-4CF6-8D19-70BF0045F0FD}.Debug|x64.ActiveCfg = Debug|x64
		{585E6433-EAAE-4CF6-8D19-70BF0045F0FD}.Debug|x64.Build.0 = Debug|x64
		{585E6433-EAAE-4CF6-8D19-70BF0045F0FD}.Debug|x86.ActiveCfg = Debug|Win32
		{585E6433-EAAE-4CF6-8D19-70BF0045F0FD}.Debug|x86.Build.0 = Debug|Win32
		{585E6433-EAAE-4CF6-8D19-70BF0045F0FD}.Release|x64.ActiveCfg = Release|x64
		{585E6433-EAAE-4CF6-8D19-70BF0045F0FD}.Release|x64.Build.0 = Release|x64
		{585E6433-EAAE-4CF6-8D19-70BF0045F0FD}.Release|x86.ActiveCfg = Release|Win32
		{585E6433-EAAE-4CF6-8D19-70BF0045F0FD}.Release|x86.Build.0 = Release|Win32
		{8C27C46C-5AA5-4B07-B38B-AFBD68DB015A}.Debug|x64.ActiveCfg = Debug|x64
		{8C27C46C-5AA5-4B07-B38B-AFBD68DB015A}.Debug|x64.Build.0 = Debug|x64
		{8C27C46C-5AA5-4B07-B38B-AFBD68DB015A}.Debug|x86.ActiveCfg = Debug|Win32
		{8C27C46C-5AA5-4B07-B38B-AFBD68DB015A}.Debug|x86.Build.0 = Debug|Win32
		{8C27C46C-5AA5-4B07-B38B-AFBD68DB015A}.Release|x64.ActiveCfg = Release|x64
		{8C27C46C-5AA5-4B07-B38B-AFBD68DB015A}.Release|x64.Build.0 = Release|x64
		{8C27C46C-5AA5-4B07-B38B-AFBD68DB015A}.Release|x86.ActiveCfg = Release|Win32
		{8C27C46C-5AA5-4B07-B38B-AFBD68DB015A}.Release|x86.Build.0 = Release|Win32
	EndGlobalSection
	GlobalSection(SolutionProperties) = preSolution
		HideSolutionNode = FALSE
	EndGlobalSection
EndGlobal
